{
  "name": "mc-resource",
  "version": "1.0.2",
  "lockfileVersion": 1,
  "requires": true,
  "dependencies": {
    "mbr-request": {
      "version": "1.0.0",
      "resolved": "https://registry.npmjs.org/mbr-request/-/mbr-request-1.0.0.tgz",
      "integrity": "sha512-tS9JfP9BeSq1+hAyKQxujVOFxXj4w9p6SM1djNA9JP48VYBoSaeeC3U0iZt6PtwdOxwEtZgvc09XKKrXB2ku3A=="
    }
  }
}
