{
  "name": "mc-resource",
  "version": "1.0.2",
  "lockfileVersion": 1,
  "requires": true,
  "dependencies": {
    "mbr-request": {
      "version": "1.0.1",
      "resolved": "https://registry.npmjs.org/mbr-request/-/mbr-request-1.0.1.tgz",
      "integrity": "sha512-NP8aks24qcLRHnxmXTjxTAxcL55K+pDSMwoi8o+WMkR2csC2wTFDNf8DGgoPlS5KOP5DY2aT0hy89sf7UiT5GQ=="
    }
  }
}
